
Microsoft Visual Studio Solution File, Format Version 12.00
# Visual Studio Version 16
VisualStudioVersion = 16.0.32413.511
MinimumVisualStudioVersion = 10.0.40219.1
Project("{FAE04EC0-301F-11D3-BF4B-00C04F79EFBC}") = "Nhom_8", "Nhom_8\Nhom_8.csproj", "{EC9B0D4A-0725-45A2-90B1-711B5A22CBC5}"
EndProject
Global
	GlobalSection(SolutionConfigurationPlatforms) = preSolution
		Debug|Any CPU = Debug|Any CPU
		Release|Any CPU = Release|Any CPU
	EndGlobalSection
	GlobalSection(ProjectConfigurationPlatforms) = postSolution
		{EC9B0D4A-0725-45A2-90B1-711B5A22CBC5}.Debug|Any CPU.ActiveCfg = Debug|Any CPU
		{EC9B0D4A-0725-45A2-90B1-711B5A22CBC5}.Debug|Any CPU.Build.0 = Debug|Any CPU
		{EC9B0D4A-0725-45A2-90B1-711B5A22CBC5}.Release|Any CPU.ActiveCfg = Release|Any CPU
		{EC9B0D4A-0725-45A2-90B1-711B5A22CBC5}.Release|Any CPU.Build.0 = Release|Any CPU
	EndGlobalSection
	GlobalSection(SolutionProperties) = preSolution
		HideSolutionNode = FALSE
	EndGlobalSection
	GlobalSection(ExtensibilityGlobals) = postSolution
		SolutionGuid = {EE22EA6A-AF8F-4950-94A2-BC73DCB11037}
	EndGlobalSection
EndGlobal
